// !$*UTF8*$!
{
	archiveVersion = 1;
	classes = {
	};
	objectVersion = 46;
	objects = {

/* Begin PBXBuildFile section */
		3E97DF111AACB0990068F866 /* MenuScene.swift in Sources */ = {isa = PBXBuildFile; fileRef = 3E97DF101AACB0990068F866 /* MenuScene.swift */; };
		5BCC2AB31AAA4A2200371FFA /* AppDelegate.swift in Sources */ = {isa = PBXBuildFile; fileRef = 5BCC2AB21AAA4A2200371FFA /* AppDelegate.swift */; };
		5BCC2AB51AAA4A2200371FFA /* GameScene.sks in Resources */ = {isa = PBXBuildFile; fileRef = 5BCC2AB41AAA4A2200371FFA /* GameScene.sks */; };
		5BCC2AB71AAA4A2200371FFA /* GameScene.swift in Sources */ = {isa = PBXBuildFile; fileRef = 5BCC2AB61AAA4A2200371FFA /* GameScene.swift */; };
		5BCC2AB91AAA4A2200371FFA /* GameViewController.swift in Sources */ = {isa = PBXBuildFile; fileRef = 5BCC2AB81AAA4A2200371FFA /* GameViewController.swift */; };
		5BCC2ABC1AAA4A2200371FFA /* Main.storyboard in Resources */ = {isa = PBXBuildFile; fileRef = 5BCC2ABA1AAA4A2200371FFA /* Main.storyboard */; };
		5BCC2ABE1AAA4A2200371FFA /* Images.xcassets in Resources */ = {isa = PBXBuildFile; fileRef = 5BCC2ABD1AAA4A2200371FFA /* Images.xcassets */; };
		5BCC2AC11AAA4A2200371FFA /* LaunchScreen.xib in Resources */ = {isa = PBXBuildFile; fileRef = 5BCC2ABF1AAA4A2200371FFA /* LaunchScreen.xib */; };
		5BCC2ACD1AAA4A2200371FFA /* graphikTests.swift in Sources */ = {isa = PBXBuildFile; fileRef = 5BCC2ACC1AAA4A2200371FFA /* graphikTests.swift */; };
/* End PBXBuildFile section */

/* Begin PBXContainerItemProxy section */
		5BCC2AC71AAA4A2200371FFA /* PBXContainerItemProxy */ = {
			isa = PBXContainerItemProxy;
			containerPortal = 5BCC2AA51AAA4A2200371FFA /* Project object */;
			proxyType = 1;
			remoteGlobalIDString = 5BCC2AAC1AAA4A2200371FFA;
			remoteInfo = graphik;
		};
/* End PBXContainerItemProxy section */

/* Begin PBXFileReference section */
		3E97DF101AACB0990068F866 /* MenuScene.swift */ = {isa = PBXFileReference; fileEncoding = 4; lastKnownFileType = sourcecode.swift; path = MenuScene.swift; sourceTree = "<group>"; };
		5BCC2AAD1AAA4A2200371FFA /* graphik.app */ = {isa = PBXFileReference; explicitFileType = wrapper.application; includeInIndex = 0; path = graphik.app; sourceTree = BUILT_PRODUCTS_DIR; };
		5BCC2AB11AAA4A2200371FFA /* Info.plist */ = {isa = PBXFileReference; lastKnownFileType = text.plist.xml; path = Info.plist; sourceTree = "<group>"; };
		5BCC2AB21AAA4A2200371FFA /* AppDelegate.swift */ = {isa = PBXFileReference; lastKnownFileType = sourcecode.swift; path = AppDelegate.swift; sourceTree = "<group>"; };
		5BCC2AB41AAA4A2200371FFA /* GameScene.sks */ = {isa = PBXFileReference; lastKnownFileType = file.sks; path = GameScene.sks; sourceTree = "<group>"; };
		5BCC2AB61AAA4A2200371FFA /* GameScene.swift */ = {isa = PBXFileReference; lastKnownFileType = sourcecode.swift; path = GameScene.swift; sourceTree = "<group>"; };
		5BCC2AB81AAA4A2200371FFA /* GameViewController.swift */ = {isa = PBXFileReference; lastKnownFileType = sourcecode.swift; path = GameViewController.swift; sourceTree = "<group>"; };
		5BCC2ABB1AAA4A2200371FFA /* Base */ = {isa = PBXFileReference; lastKnownFileType = file.storyboard; name = Base; path = Base.lproj/Main.storyboard; sourceTree = "<group>"; };
		5BCC2ABD1AAA4A2200371FFA /* Images.xcassets */ = {isa = PBXFileReference; lastKnownFileType = folder.assetcatalog; path = Images.xcassets; sourceTree = "<group>"; };
		5BCC2AC01AAA4A2200371FFA /* Base */ = {isa = PBXFileReference; lastKnownFileType = file.xib; name = Base; path = Base.lproj/LaunchScreen.xib; sourceTree = "<group>"; };
		5BCC2AC61AAA4A2200371FFA /* graphikTests.xctest */ = {isa = PBXFileReference; explicitFileType = wrapper.cfbundle; includeInIndex = 0; path = graphikTests.xctest; sourceTree = BUILT_PRODUCTS_DIR; };
		5BCC2ACB1AAA4A2200371FFA /* Info.plist */ = {isa = PBXFileReference; lastKnownFileType = text.plist.xml; path = Info.plist; sourceTree = "<group>"; };
		5BCC2ACC1AAA4A2200371FFA /* graphikTests.swift */ = {isa = PBXFileReference; lastKnownFileType = sourcecode.swift; path = graphikTests.swift; sourceTree = "<group>"; };
/* End PBXFileReference section */

/* Begin PBXFrameworksBuildPhase section */
		5BCC2AAA1AAA4A2200371FFA /* Frameworks */ = {
			isa = PBXFrameworksBuildPhase;
			buildActionMask = 2147483647;
			files = (
			);
			runOnlyForDeploymentPostprocessing = 0;
		};
		5BCC2AC31AAA4A2200371FFA /* Frameworks */ = {
			isa = PBXFrameworksBuildPhase;
			buildActionMask = 2147483647;
			files = (
			);
			runOnlyForDeploymentPostprocessing = 0;
		};
/* End PBXFrameworksBuildPhase section */

/* Begin PBXGroup section */
		5BCC2AA41AAA4A2200371FFA = {
			isa = PBXGroup;
			children = (
				5BCC2AAF1AAA4A2200371FFA /* graphik */,
				5BCC2AC91AAA4A2200371FFA /* graphikTests */,
				5BCC2AAE1AAA4A2200371FFA /* Products */,
			);
			sourceTree = "<group>";
		};
		5BCC2AAE1AAA4A2200371FFA /* Products */ = {
			isa = PBXGroup;
			children = (
				5BCC2AAD1AAA4A2200371FFA /* graphik.app */,
				5BCC2AC61AAA4A2200371FFA /* graphikTests.xctest */,
			);
			name = Products;
			sourceTree = "<group>";
		};
		5BCC2AAF1AAA4A2200371FFA /* graphik */ = {
			isa = PBXGroup;
			children = (
				5BCC2AB21AAA4A2200371FFA /* AppDelegate.swift */,
				5BCC2AB41AAA4A2200371FFA /* GameScene.sks */,
				5BCC2AB61AAA4A2200371FFA /* GameScene.swift */,
				5BCC2AB81AAA4A2200371FFA /* GameViewController.swift */,
				3E97DF101AACB0990068F866 /* MenuScene.swift */,
				5BCC2ABA1AAA4A2200371FFA /* Main.storyboard */,
				5BCC2ABD1AAA4A2200371FFA /* Images.xcassets */,
				5BCC2ABF1AAA4A2200371FFA /* LaunchScreen.xib */,
				5BCC2AB01AAA4A2200371FFA /* Supporting Files */,
			);
			path = graphik;
			sourceTree = "<group>";
		};
		5BCC2AB01AAA4A2200371FFA /* Supporting Files */ = {
			isa = PBXGroup;
			children = (
				5BCC2AB11AAA4A2200371FFA /* Info.plist */,
			);
			name = "Supporting Files";
			sourceTree = "<group>";
		};
		5BCC2AC91AAA4A2200371FFA /* graphikTests */ = {
			isa = PBXGroup;
			children = (
				5BCC2ACC1AAA4A2200371FFA /* graphikTests.swift */,
				5BCC2ACA1AAA4A2200371FFA /* Supporting Files */,
			);
			path = graphikTests;
			sourceTree = "<group>";
		};
		5BCC2ACA1AAA4A2200371FFA /* Supporting Files */ = {
			isa = PBXGroup;
			children = (
				5BCC2ACB1AAA4A2200371FFA /* Info.plist */,
			);
			name = "Supporting Files";
			sourceTree = "<group>";
		};
/* End PBXGroup section */

/* Begin PBXNativeTarget section */
		5BCC2AAC1AAA4A2200371FFA /* graphik */ = {
			isa = PBXNativeTarget;
			buildConfigurationList = 5BCC2AD01AAA4A2200371FFA /* Build configuration list for PBXNativeTarget "graphik" */;
			buildPhases = (
				5BCC2AA91AAA4A2200371FFA /* Sources */,
				5BCC2AAA1AAA4A2200371FFA /* Frameworks */,
				5BCC2AAB1AAA4A2200371FFA /* Resources */,
			);
			buildRules = (
			);
			dependencies = (
			);
			name = graphik;
			productName = graphik;
			productReference = 5BCC2AAD1AAA4A2200371FFA /* graphik.app */;
			productType = "com.apple.product-type.application";
		};
		5BCC2AC51AAA4A2200371FFA /* graphikTests */ = {
			isa = PBXNativeTarget;
			buildConfigurationList = 5BCC2AD31AAA4A2200371FFA /* Build configuration list for PBXNativeTarget "graphikTests" */;
			buildPhases = (
				5BCC2AC21AAA4A2200371FFA /* Sources */,
				5BCC2AC31AAA4A2200371FFA /* Frameworks */,
				5BCC2AC41AAA4A2200371FFA /* Resources */,
			);
			buildRules = (
			);
			dependencies = (
				5BCC2AC81AAA4A2200371FFA /* PBXTargetDependency */,
			);
			name = graphikTests;
			productName = graphikTests;
			productReference = 5BCC2AC61AAA4A2200371FFA /* graphikTests.xctest */;
			productType = "com.apple.product-type.bundle.unit-test";
		};
/* End PBXNativeTarget section */

/* Begin PBXProject section */
		5BCC2AA51AAA4A2200371FFA /* Project object */ = {
			isa = PBXProject;
			attributes = {
				LastUpgradeCheck = 0610;
				ORGANIZATIONNAME = zuzana.dostalova;
				TargetAttributes = {
					5BCC2AAC1AAA4A2200371FFA = {
						CreatedOnToolsVersion = 6.1.1;
					};
					5BCC2AC51AAA4A2200371FFA = {
						CreatedOnToolsVersion = 6.1.1;
						TestTargetID = 5BCC2AAC1AAA4A2200371FFA;
					};
				};
			};
			buildConfigurationList = 5BCC2AA81AAA4A2200371FFA /* Build configuration list for PBXProject "graphik" */;
			compatibilityVersion = "Xcode 3.2";
			developmentRegion = English;
			hasScannedForEncodings = 0;
			knownRegions = (
				en,
				Base,
			);
			mainGroup = 5BCC2AA41AAA4A2200371FFA;
			productRefGroup = 5BCC2AAE1AAA4A2200371FFA /* Products */;
			projectDirPath = "";
			projectRoot = "";
			targets = (
				5BCC2AAC1AAA4A2200371FFA /* graphik */,
				5BCC2AC51AAA4A2200371FFA /* graphikTests */,
			);
		};
/* End PBXProject section */

/* Begin PBXResourcesBuildPhase section */
		5BCC2AAB1AAA4A2200371FFA /* Resources */ = {
			isa = PBXResourcesBuildPhase;
			buildActionMask = 2147483647;
			files = (
				5BCC2AC11AAA4A2200371FFA /* LaunchScreen.xib in Resources */,
				5BCC2ABE1AAA4A2200371FFA /* Images.xcassets in Resources */,
				5BCC2AB51AAA4A2200371FFA /* GameScene.sks in Resources */,
				5BCC2ABC1AAA4A2200371FFA /* Main.storyboard in Resources */,
			);
			runOnlyForDeploymentPostprocessing = 0;
		};
		5BCC2AC41AAA4A2200371FFA /* Resources */ = {
			isa = PBXResourcesBuildPhase;
			buildActionMask = 2147483647;
			files = (
			);
			runOnlyForDeploymentPostprocessing = 0;
		};
/* End PBXResourcesBuildPhase section */

/* Begin PBXSourcesBuildPhase section */
		5BCC2AA91AAA4A2200371FFA /* Sources */ = {
			isa = PBXSourcesBuildPhase;
			buildActionMask = 2147483647;
			files = (
				5BCC2AB71AAA4A2200371FFA /* GameScene.swift in Sources */,
				3E97DF111AACB0990068F866 /* MenuScene.swift in Sources */,
				5BCC2AB91AAA4A2200371FFA /* GameViewController.swift in Sources */,
				5BCC2AB31AAA4A2200371FFA /* AppDelegate.swift in Sources */,
			);
			runOnlyForDeploymentPostprocessing = 0;
		};
		5BCC2AC21AAA4A2200371FFA /* Sources */ = {
			isa = PBXSourcesBuildPhase;
			buildActionMask = 2147483647;
			files = (
				5BCC2ACD1AAA4A2200371FFA /* graphikTests.swift in Sources */,
			);
			runOnlyForDeploymentPostprocessing = 0;
		};
/* End PBXSourcesBuildPhase section */

/* Begin PBXTargetDependency section */
		5BCC2AC81AAA4A2200371FFA /* PBXTargetDependency */ = {
			isa = PBXTargetDependency;
			target = 5BCC2AAC1AAA4A2200371FFA /* graphik */;
			targetProxy = 5BCC2AC71AAA4A2200371FFA /* PBXContainerItemProxy */;
		};
/* End PBXTargetDependency section */

/* Begin PBXVariantGroup section */
		5BCC2ABA1AAA4A2200371FFA /* Main.storyboard */ = {
			isa = PBXVariantGroup;
			children = (
				5BCC2ABB1AAA4A2200371FFA /* Base */,
			);
			name = Main.storyboard;
			sourceTree = "<group>";
		};
		5BCC2ABF1AAA4A2200371FFA /* LaunchScreen.xib */ = {
			isa = PBXVariantGroup;
			children = (
				5BCC2AC01AAA4A2200371FFA /* Base */,
			);
			name = LaunchScreen.xib;
			sourceTree = "<group>";
		};
/* End PBXVariantGroup section */

/* Begin XCBuildConfiguration section */
		5BCC2ACE1AAA4A2200371FFA /* Debug */ = {
			isa = XCBuildConfiguration;
			buildSettings = {
				ALWAYS_SEARCH_USER_PATHS = NO;
				CLANG_CXX_LANGUAGE_STANDARD = "gnu++0x";
				CLANG_CXX_LIBRARY = "libc++";
				CLANG_ENABLE_MODULES = YES;
				CLANG_ENABLE_OBJC_ARC = YES;
				CLANG_WARN_BOOL_CONVERSION = YES;
				CLANG_WARN_CONSTANT_CONVERSION = YES;
				CLANG_WARN_DIRECT_OBJC_ISA_USAGE = YES_ERROR;
				CLANG_WARN_EMPTY_BODY = YES;
				CLANG_WARN_ENUM_CONVERSION = YES;
				CLANG_WARN_INT_CONVERSION = YES;
				CLANG_WARN_OBJC_ROOT_CLASS = YES_ERROR;
				CLANG_WARN_UNREACHABLE_CODE = YES;
				CLANG_WARN__DUPLICATE_METHOD_MATCH = YES;
				"CODE_SIGN_IDENTITY[sdk=iphoneos*]" = "iPhone Developer";
				COPY_PHASE_STRIP = NO;
				ENABLE_STRICT_OBJC_MSGSEND = YES;
				GCC_C_LANGUAGE_STANDARD = gnu99;
				GCC_DYNAMIC_NO_PIC = NO;
				GCC_OPTIMIZATION_LEVEL = 0;
				GCC_PREPROCESSOR_DEFINITIONS = (
					"DEBUG=1",
					"$(inherited)",
				);
				GCC_SYMBOLS_PRIVATE_EXTERN = NO;
				GCC_WARN_64_TO_32_BIT_CONVERSION = YES;
				GCC_WARN_ABOUT_RETURN_TYPE = YES_ERROR;
				GCC_WARN_UNDECLARED_SELECTOR = YES;
				GCC_WARN_UNINITIALIZED_AUTOS = YES_AGGRESSIVE;
				GCC_WARN_UNUSED_FUNCTION = YES;
				GCC_WARN_UNUSED_VARIABLE = YES;
				IPHONEOS_DEPLOYMENT_TARGET = 8.1;
				MTL_ENABLE_DEBUG_INFO = YES;
				ONLY_ACTIVE_ARCH = YES;
				SDKROOT = iphoneos;
				SWIFT_OPTIMIZATION_LEVEL = "-Onone";
			};
			name = Debug;
		};
		5BCC2ACF1AAA4A2200371FFA /* Release */ = {
			isa = XCBuildConfiguration;
			buildSettings = {
				ALWAYS_SEARCH_USER_PATHS = NO;
				CLANG_CXX_LANGUAGE_STANDARD = "gnu++0x";
				CLANG_CXX_LIBRARY = "libc++";
				CLANG_ENABLE_MODULES = YES;
				CLANG_ENABLE_OBJC_ARC = YES;
				CLANG_WARN_BOOL_CONVERSION = YES;
				CLANG_WARN_CONSTANT_CONVERSION = YES;
				CLANG_WARN_DIRECT_OBJC_ISA_USAGE = YES_ERROR;
				CLANG_WARN_EMPTY_BODY = YES;
				CLANG_WARN_ENUM_CONVERSION = YES;
				CLANG_WARN_INT_CONVERSION = YES;
				CLANG_WARN_OBJC_ROOT_CLASS = YES_ERROR;
				CLANG_WARN_UNREACHABLE_CODE = YES;
				CLANG_WARN__DUPLICATE_METHOD_MATCH = YES;
				"CODE_SIGN_IDENTITY[sdk=iphoneos*]" = "iPhone Developer";
				COPY_PHASE_STRIP = YES;
				ENABLE_NS_ASSERTIONS = NO;
				ENABLE_STRICT_OBJC_MSGSEND = YES;
				GCC_C_LANGUAGE_STANDARD = gnu99;
				GCC_WARN_64_TO_32_BIT_CONVERSION = YES;
				GCC_WARN_ABOUT_RETURN_TYPE = YES_ERROR;
				GCC_WARN_UNDECLARED_SELECTOR = YES;
				GCC_WARN_UNINITIALIZED_AUTOS = YES_AGGRESSIVE;
				GCC_WARN_UNUSED_FUNCTION = YES;
				GCC_WARN_UNUSED_VARIABLE = YES;
				IPHONEOS_DEPLOYMENT_TARGET = 8.1;
				MTL_ENABLE_DEBUG_INFO = NO;
				SDKROOT = iphoneos;
				VALIDATE_PRODUCT = YES;
			};
			name = Release;
		};
		5BCC2AD11AAA4A2200371FFA /* Debug */ = {
			isa = XCBuildConfiguration;
			buildSettings = {
				ASSETCATALOG_COMPILER_APPICON_NAME = AppIcon;
				INFOPLIST_FILE = graphik/Info.plist;
				LD_RUNPATH_SEARCH_PATHS = "$(inherited) @executable_path/Frameworks";
				PRODUCT_NAME = "$(TARGET_NAME)";
			};
			name = Debug;
		};
		5BCC2AD21AAA4A2200371FFA /* Release */ = {
			isa = XCBuildConfiguration;
			buildSettings = {
				ASSETCATALOG_COMPILER_APPICON_NAME = AppIcon;
				INFOPLIST_FILE = graphik/Info.plist;
				LD_RUNPATH_SEARCH_PATHS = "$(inherited) @executable_path/Frameworks";
				PRODUCT_NAME = "$(TARGET_NAME)";
			};
			name = Release;
		};
		5BCC2AD41AAA4A2200371FFA /* Debug */ = {
			isa = XCBuildConfiguration;
			buildSettings = {
				BUNDLE_LOADER = "$(TEST_HOST)";
				FRAMEWORK_SEARCH_PATHS = (
					"$(SDKROOT)/Developer/Library/Frameworks",
					"$(inherited)",
				);
				GCC_PREPROCESSOR_DEFINITIONS = (
					"DEBUG=1",
					"$(inherited)",
				);
				INFOPLIST_FILE = graphikTests/Info.plist;
				LD_RUNPATH_SEARCH_PATHS = "$(inherited) @executable_path/Frameworks @loader_path/Frameworks";
				PRODUCT_NAME = "$(TARGET_NAME)";
				TEST_HOST = "$(BUILT_PRODUCTS_DIR)/graphik.app/graphik";
			};
			name = Debug;
		};
		5BCC2AD51AAA4A2200371FFA /* Release */ = {
			isa = XCBuildConfiguration;
			buildSettings = {
				BUNDLE_LOADER = "$(TEST_HOST)";
				FRAMEWORK_SEARCH_PATHS = (
					"$(SDKROOT)/Developer/Library/Frameworks",
					"$(inherited)",
				);
				INFOPLIST_FILE = graphikTests/Info.plist;
				LD_RUNPATH_SEARCH_PATHS = "$(inherited) @executable_path/Frameworks @loader_path/Frameworks";
				PRODUCT_NAME = "$(TARGET_NAME)";
				TEST_HOST = "$(BUILT_PRODUCTS_DIR)/graphik.app/graphik";
			};
			name = Release;
		};
/* End XCBuildConfiguration section */

/* Begin XCConfigurationList section */
		5BCC2AA81AAA4A2200371FFA /* Build configuration list for PBXProject "graphik" */ = {
			isa = XCConfigurationList;
			buildConfigurations = (
				5BCC2ACE1AAA4A2200371FFA /* Debug */,
				5BCC2ACF1AAA4A2200371FFA /* Release */,
			);
			defaultConfigurationIsVisible = 0;
			defaultConfigurationName = Release;
		};
		5BCC2AD01AAA4A2200371FFA /* Build configuration list for PBXNativeTarget "graphik" */ = {
			isa = XCConfigurationList;
			buildConfigurations = (
				5BCC2AD11AAA4A2200371FFA /* Debug */,
				5BCC2AD21AAA4A2200371FFA /* Release */,
			);
			defaultConfigurationIsVisible = 0;
			defaultConfigurationName = Release;
		};
		5BCC2AD31AAA4A2200371FFA /* Build configuration list for PBXNativeTarget "graphikTests" */ = {
			isa = XCConfigurationList;
			buildConfigurations = (
				5BCC2AD41AAA4A2200371FFA /* Debug */,
				5BCC2AD51AAA4A2200371FFA /* Release */,
			);
			defaultConfigurationIsVisible = 0;
			defaultConfigurationName = Release;
		};
/* End XCConfigurationList section */
	};
	rootObject = 5BCC2AA51AAA4A2200371FFA /* Project object */;
}
